
Microsoft Visual Studio Solution File, Format Version 12.00
# Visual Studio Version 16
VisualStudioVersion = 16.0.30204.135
MinimumVisualStudioVersion = 10.0.40219.1
Project("{9A19103F-16F7-4668-BE54-9A1E7A4F7556}") = "VectorApp", "VectorApp.csproj", "{10BF7364-041E-4668-9457-5B24167E959F}"
EndProject
Project("{9A19103F-16F7-4668-BE54-9A1E7A4F7556}") = "VectorClass", "..\VectorClass\VectorClass.csproj", "{451CAEF4-0E94-4F2F-9E89-4511BC0BA1E2}"
EndProject
Project("{FAE04EC0-301F-11D3-BF4B-00C04F79EFBC}") = "VectorClass.UnitTests", "..\VectorClass.UnitTests\VectorClass.UnitTests.csproj", "{0342AAA6-20EF-47D1-96FC-36276E1B00FC}"
EndProject
Global
	GlobalSection(SolutionConfigurationPlatforms) = preSolution
		Debug|Any CPU = Debug|Any CPU
		Release|Any CPU = Release|Any CPU
	EndGlobalSection
	GlobalSection(ProjectConfigurationPlatforms) = postSolution
		{10BF7364-041E-4668-9457-5B24167E959F}.Debug|Any CPU.ActiveCfg = Debug|Any CPU
		{10BF7364-041E-4668-9457-5B24167E959F}.Debug|Any CPU.Build.0 = Debug|Any CPU
		{10BF7364-041E-4668-9457-5B24167E959F}.Release|Any CPU.ActiveCfg = Release|Any CPU
		{10BF7364-041E-4668-9457-5B24167E959F}.Release|Any CPU.Build.0 = Release|Any CPU
		{451CAEF4-0E94-4F2F-9E89-4511BC0BA1E2}.Debug|Any CPU.ActiveCfg = Debug|Any CPU
		{451CAEF4-0E94-4F2F-9E89-4511BC0BA1E2}.Debug|Any CPU.Build.0 = Debug|Any CPU
		{451CAEF4-0E94-4F2F-9E89-4511BC0BA1E2}.Release|Any CPU.ActiveCfg = Release|Any CPU
		{451CAEF4-0E94-4F2F-9E89-4511BC0BA1E2}.Release|Any CPU.Build.0 = Release|Any CPU
		{0342AAA6-20EF-47D1-96FC-36276E1B00FC}.Debug|Any CPU.ActiveCfg = Debug|Any CPU
		{0342AAA6-20EF-47D1-96FC-36276E1B00FC}.Debug|Any CPU.Build.0 = Debug|Any CPU
		{0342AAA6-20EF-47D1-96FC-36276E1B00FC}.Release|Any CPU.ActiveCfg = Release|Any CPU
		{0342AAA6-20EF-47D1-96FC-36276E1B00FC}.Release|Any CPU.Build.0 = Release|Any CPU
	EndGlobalSection
	GlobalSection(SolutionProperties) = preSolution
		HideSolutionNode = FALSE
	EndGlobalSection
	GlobalSection(ExtensibilityGlobals) = postSolution
		SolutionGuid = {5760AC93-EF10-46DE-B53B-EF46E64BB619}
	EndGlobalSection
EndGlobal
